
Microsoft Visual Studio Solution File, Format Version 12.00
# Visual Studio Version 17
VisualStudioVersion = 17.3.32929.385
MinimumVisualStudioVersion = 10.0.40219.1
Project("{FAE04EC0-301F-11D3-BF4B-00C04F79EFBC}") = "FinanceLog", "FinanceLog\FinanceLog.csproj", "{83A42117-637B-4738-A829-9BA463FB24C8}"
EndProject
Global
	GlobalSection(SolutionConfigurationPlatforms) = preSolution
		Debug|Any CPU = Debug|Any CPU
		Release|Any CPU = Release|Any CPU
	EndGlobalSection
	GlobalSection(ProjectConfigurationPlatforms) = postSolution
		{83A42117-637B-4738-A829-9BA463FB24C8}.Debug|Any CPU.ActiveCfg = Debug|Any CPU
		{83A42117-637B-4738-A829-9BA463FB24C8}.Debug|Any CPU.Build.0 = Debug|Any CPU
		{83A42117-637B-4738-A829-9BA463FB24C8}.Release|Any CPU.ActiveCfg = Release|Any CPU
		{83A42117-637B-4738-A829-9BA463FB24C8}.Release|Any CPU.Build.0 = Release|Any CPU
	EndGlobalSection
	GlobalSection(SolutionProperties) = preSolution
		HideSolutionNode = FALSE
	EndGlobalSection
	GlobalSection(ExtensibilityGlobals) = postSolution
		SolutionGuid = {E9D8ED3D-C3F7-45DE-B729-8330900B03C6}
	EndGlobalSection
EndGlobal
